// !$*UTF8*$!
{
	archiveVersion = 1;
	classes = {
	};
	objectVersion = 56;
	objects = {

/* Begin PBXBuildFile section */
		FC3F2C682B18963A003BF18F /* Data+Extension.swift in Sources */ = {isa = PBXBuildFile; fileRef = FC3F2C672B18963A003BF18F /* Data+Extension.swift */; };
		FC3F2C6A2B1896EA003BF18F /* URLRequest+Extension.swift in Sources */ = {isa = PBXBuildFile; fileRef = FC3F2C692B1896EA003BF18F /* URLRequest+Extension.swift */; };
		FC3F2C6E2B18AC21003BF18F /* MovieListVC.swift in Sources */ = {isa = PBXBuildFile; fileRef = FC3F2C6D2B18AC21003BF18F /* MovieListVC.swift */; };
		FC3F2C722B18AC82003BF18F /* MovieListCell.swift in Sources */ = {isa = PBXBuildFile; fileRef = FC3F2C702B18AC82003BF18F /* MovieListCell.swift */; };
		FC3F2C732B18AC82003BF18F /* MovieListCell.xib in Resources */ = {isa = PBXBuildFile; fileRef = FC3F2C712B18AC82003BF18F /* MovieListCell.xib */; };
		FC3F2C752B18B55E003BF18F /* UIImage+Extension.swift in Sources */ = {isa = PBXBuildFile; fileRef = FC3F2C742B18B55E003BF18F /* UIImage+Extension.swift */; };
		FC8521632A3E034B00033940 /* AppDelegate.swift in Sources */ = {isa = PBXBuildFile; fileRef = FC8521622A3E034B00033940 /* AppDelegate.swift */; };
		FC8521652A3E034B00033940 /* SceneDelegate.swift in Sources */ = {isa = PBXBuildFile; fileRef = FC8521642A3E034B00033940 /* SceneDelegate.swift */; };
		FC85216A2A3E034B00033940 /* Main.storyboard in Resources */ = {isa = PBXBuildFile; fileRef = FC8521682A3E034B00033940 /* Main.storyboard */; };
		FC85216C2A3E034C00033940 /* Assets.xcassets in Resources */ = {isa = PBXBuildFile; fileRef = FC85216B2A3E034C00033940 /* Assets.xcassets */; };
		FC85216F2A3E034C00033940 /* LaunchScreen.storyboard in Resources */ = {isa = PBXBuildFile; fileRef = FC85216D2A3E034C00033940 /* LaunchScreen.storyboard */; };
		FC8521782A3E18FB00033940 /* Alamofire in Frameworks */ = {isa = PBXBuildFile; productRef = FC8521772A3E18FB00033940 /* Alamofire */; };
		FC85217B2A3E195400033940 /* NetworkManager.swift in Sources */ = {isa = PBXBuildFile; fileRef = FC85217A2A3E195400033940 /* NetworkManager.swift */; };
		FC8521802A3E1D9300033940 /* MovieResponse.swift in Sources */ = {isa = PBXBuildFile; fileRef = FC85217F2A3E1D9300033940 /* MovieResponse.swift */; };
		FC8521ED2A405D3700033940 /* Endpoint.swift in Sources */ = {isa = PBXBuildFile; fileRef = FC8521EC2A405D3700033940 /* Endpoint.swift */; };
		FC8521F32A418D1D00033940 /* ReviewsResponse.swift in Sources */ = {isa = PBXBuildFile; fileRef = FC8521F22A418D1D00033940 /* ReviewsResponse.swift */; };
		FC8521F72A41D29B00033940 /* VideosResponse.swift in Sources */ = {isa = PBXBuildFile; fileRef = FC8521F62A41D29B00033940 /* VideosResponse.swift */; };
		FC8521F92A41DD6900033940 /* DiscoverMovieEndpointItem.swift in Sources */ = {isa = PBXBuildFile; fileRef = FC8521F82A41DD6900033940 /* DiscoverMovieEndpointItem.swift */; };
		FC8521FB2A41DD7700033940 /* ReviewsEndpointItem.swift in Sources */ = {isa = PBXBuildFile; fileRef = FC8521FA2A41DD7700033940 /* ReviewsEndpointItem.swift */; };
		FC8521FD2A41DD8300033940 /* VideosEndpointItem.swift in Sources */ = {isa = PBXBuildFile; fileRef = FC8521FC2A41DD8300033940 /* VideosEndpointItem.swift */; };
		FC8521FF2A41E26400033940 /* PopularMoviesEndpointItem.swift in Sources */ = {isa = PBXBuildFile; fileRef = FC8521FE2A41E26400033940 /* PopularMoviesEndpointItem.swift */; };
/* End PBXBuildFile section */

/* Begin PBXFileReference section */
		FC3F2C672B18963A003BF18F /* Data+Extension.swift */ = {isa = PBXFileReference; lastKnownFileType = sourcecode.swift; path = "Data+Extension.swift"; sourceTree = "<group>"; };
		FC3F2C692B1896EA003BF18F /* URLRequest+Extension.swift */ = {isa = PBXFileReference; lastKnownFileType = sourcecode.swift; path = "URLRequest+Extension.swift"; sourceTree = "<group>"; };
		FC3F2C6D2B18AC21003BF18F /* MovieListVC.swift */ = {isa = PBXFileReference; lastKnownFileType = sourcecode.swift; path = MovieListVC.swift; sourceTree = "<group>"; };
		FC3F2C702B18AC82003BF18F /* MovieListCell.swift */ = {isa = PBXFileReference; lastKnownFileType = sourcecode.swift; path = MovieListCell.swift; sourceTree = "<group>"; };
		FC3F2C712B18AC82003BF18F /* MovieListCell.xib */ = {isa = PBXFileReference; lastKnownFileType = file.xib; path = MovieListCell.xib; sourceTree = "<group>"; };
		FC3F2C742B18B55E003BF18F /* UIImage+Extension.swift */ = {isa = PBXFileReference; lastKnownFileType = sourcecode.swift; path = "UIImage+Extension.swift"; sourceTree = "<group>"; };
		FC85215F2A3E034B00033940 /* MovieAppExample.app */ = {isa = PBXFileReference; explicitFileType = wrapper.application; includeInIndex = 0; path = MovieAppExample.app; sourceTree = BUILT_PRODUCTS_DIR; };
		FC8521622A3E034B00033940 /* AppDelegate.swift */ = {isa = PBXFileReference; lastKnownFileType = sourcecode.swift; path = AppDelegate.swift; sourceTree = "<group>"; };
		FC8521642A3E034B00033940 /* SceneDelegate.swift */ = {isa = PBXFileReference; lastKnownFileType = sourcecode.swift; path = SceneDelegate.swift; sourceTree = "<group>"; };
		FC8521692A3E034B00033940 /* Base */ = {isa = PBXFileReference; lastKnownFileType = file.storyboard; name = Base; path = Base.lproj/Main.storyboard; sourceTree = "<group>"; };
		FC85216B2A3E034C00033940 /* Assets.xcassets */ = {isa = PBXFileReference; lastKnownFileType = folder.assetcatalog; path = Assets.xcassets; sourceTree = "<group>"; };
		FC85216E2A3E034C00033940 /* Base */ = {isa = PBXFileReference; lastKnownFileType = file.storyboard; name = Base; path = Base.lproj/LaunchScreen.storyboard; sourceTree = "<group>"; };
		FC8521702A3E034C00033940 /* Info.plist */ = {isa = PBXFileReference; lastKnownFileType = text.plist.xml; path = Info.plist; sourceTree = "<group>"; };
		FC85217A2A3E195400033940 /* NetworkManager.swift */ = {isa = PBXFileReference; lastKnownFileType = sourcecode.swift; path = NetworkManager.swift; sourceTree = "<group>"; };
		FC85217F2A3E1D9300033940 /* MovieResponse.swift */ = {isa = PBXFileReference; lastKnownFileType = sourcecode.swift; path = MovieResponse.swift; sourceTree = "<group>"; };
		FC8521EC2A405D3700033940 /* Endpoint.swift */ = {isa = PBXFileReference; lastKnownFileType = sourcecode.swift; path = Endpoint.swift; sourceTree = "<group>"; };
		FC8521F22A418D1D00033940 /* ReviewsResponse.swift */ = {isa = PBXFileReference; lastKnownFileType = sourcecode.swift; path = ReviewsResponse.swift; sourceTree = "<group>"; };
		FC8521F62A41D29B00033940 /* VideosResponse.swift */ = {isa = PBXFileReference; lastKnownFileType = sourcecode.swift; path = VideosResponse.swift; sourceTree = "<group>"; };
		FC8521F82A41DD6900033940 /* DiscoverMovieEndpointItem.swift */ = {isa = PBXFileReference; lastKnownFileType = sourcecode.swift; path = DiscoverMovieEndpointItem.swift; sourceTree = "<group>"; };
		FC8521FA2A41DD7700033940 /* ReviewsEndpointItem.swift */ = {isa = PBXFileReference; lastKnownFileType = sourcecode.swift; path = ReviewsEndpointItem.swift; sourceTree = "<group>"; };
		FC8521FC2A41DD8300033940 /* VideosEndpointItem.swift */ = {isa = PBXFileReference; lastKnownFileType = sourcecode.swift; path = VideosEndpointItem.swift; sourceTree = "<group>"; };
		FC8521FE2A41E26400033940 /* PopularMoviesEndpointItem.swift */ = {isa = PBXFileReference; lastKnownFileType = sourcecode.swift; path = PopularMoviesEndpointItem.swift; sourceTree = "<group>"; };
/* End PBXFileReference section */

/* Begin PBXFrameworksBuildPhase section */
		FC85215C2A3E034B00033940 /* Frameworks */ = {
			isa = PBXFrameworksBuildPhase;
			buildActionMask = 2147483647;
			files = (
				FC8521782A3E18FB00033940 /* Alamofire in Frameworks */,
			);
			runOnlyForDeploymentPostprocessing = 0;
		};
/* End PBXFrameworksBuildPhase section */

/* Begin PBXGroup section */
		FC3F2C652B18961D003BF18F /* Utils */ = {
			isa = PBXGroup;
			children = (
				FC3F2C662B189627003BF18F /* Extensions */,
			);
			path = Utils;
			sourceTree = "<group>";
		};
		FC3F2C662B189627003BF18F /* Extensions */ = {
			isa = PBXGroup;
			children = (
				FC3F2C672B18963A003BF18F /* Data+Extension.swift */,
				FC3F2C692B1896EA003BF18F /* URLRequest+Extension.swift */,
				FC3F2C742B18B55E003BF18F /* UIImage+Extension.swift */,
			);
			path = Extensions;
			sourceTree = "<group>";
		};
		FC3F2C6B2B18ABCF003BF18F /* module */ = {
			isa = PBXGroup;
			children = (
				FC3F2C6F2B18AC3B003BF18F /* MovieListCell */,
				FC3F2C6D2B18AC21003BF18F /* MovieListVC.swift */,
			);
			path = module;
			sourceTree = "<group>";
		};
		FC3F2C6F2B18AC3B003BF18F /* MovieListCell */ = {
			isa = PBXGroup;
			children = (
				FC3F2C702B18AC82003BF18F /* MovieListCell.swift */,
				FC3F2C712B18AC82003BF18F /* MovieListCell.xib */,
			);
			path = MovieListCell;
			sourceTree = "<group>";
		};
		FC8521562A3E034B00033940 = {
			isa = PBXGroup;
			children = (
				FC8521612A3E034B00033940 /* MovieAppExample */,
				FC8521602A3E034B00033940 /* Products */,
			);
			sourceTree = "<group>";
		};
		FC8521602A3E034B00033940 /* Products */ = {
			isa = PBXGroup;
			children = (
				FC85215F2A3E034B00033940 /* MovieAppExample.app */,
			);
			name = Products;
			sourceTree = "<group>";
		};
		FC8521612A3E034B00033940 /* MovieAppExample */ = {
			isa = PBXGroup;
			children = (
				FC3F2C6B2B18ABCF003BF18F /* module */,
				FC3F2C652B18961D003BF18F /* Utils */,
				FC8521792A3E191200033940 /* Api */,
				FC8521622A3E034B00033940 /* AppDelegate.swift */,
				FC8521642A3E034B00033940 /* SceneDelegate.swift */,
				FC8521682A3E034B00033940 /* Main.storyboard */,
				FC85216B2A3E034C00033940 /* Assets.xcassets */,
				FC85216D2A3E034C00033940 /* LaunchScreen.storyboard */,
				FC8521702A3E034C00033940 /* Info.plist */,
			);
			path = MovieAppExample;
			sourceTree = "<group>";
		};
		FC8521792A3E191200033940 /* Api */ = {
			isa = PBXGroup;
			children = (
				FC85217A2A3E195400033940 /* NetworkManager.swift */,
				FC8521EB2A405AF200033940 /* EndpointItems */,
				FC85217E2A3E1D5D00033940 /* Models */,
			);
			path = Api;
			sourceTree = "<group>";
		};
		FC85217E2A3E1D5D00033940 /* Models */ = {
			isa = PBXGroup;
			children = (
				FC85217F2A3E1D9300033940 /* MovieResponse.swift */,
				FC8521F22A418D1D00033940 /* ReviewsResponse.swift */,
				FC8521F62A41D29B00033940 /* VideosResponse.swift */,
			);
			path = Models;
			sourceTree = "<group>";
		};
		FC8521EB2A405AF200033940 /* EndpointItems */ = {
			isa = PBXGroup;
			children = (
				FC8521EC2A405D3700033940 /* Endpoint.swift */,
				FC8521F82A41DD6900033940 /* DiscoverMovieEndpointItem.swift */,
				FC8521FA2A41DD7700033940 /* ReviewsEndpointItem.swift */,
				FC8521FC2A41DD8300033940 /* VideosEndpointItem.swift */,
				FC8521FE2A41E26400033940 /* PopularMoviesEndpointItem.swift */,
			);
			path = EndpointItems;
			sourceTree = "<group>";
		};
/* End PBXGroup section */

/* Begin PBXNativeTarget section */
		FC85215E2A3E034B00033940 /* MovieAppExample */ = {
			isa = PBXNativeTarget;
			buildConfigurationList = FC8521732A3E034C00033940 /* Build configuration list for PBXNativeTarget "MovieAppExample" */;
			buildPhases = (
				FC85215B2A3E034B00033940 /* Sources */,
				FC85215C2A3E034B00033940 /* Frameworks */,
				FC85215D2A3E034B00033940 /* Resources */,
			);
			buildRules = (
			);
			dependencies = (
			);
			name = MovieAppExample;
			packageProductDependencies = (
				FC8521772A3E18FB00033940 /* Alamofire */,
			);
			productName = MovieAppExample;
			productReference = FC85215F2A3E034B00033940 /* MovieAppExample.app */;
			productType = "com.apple.product-type.application";
		};
/* End PBXNativeTarget section */

/* Begin PBXProject section */
		FC8521572A3E034B00033940 /* Project object */ = {
			isa = PBXProject;
			attributes = {
				BuildIndependentTargetsInParallel = 1;
				LastSwiftUpdateCheck = 1420;
				LastUpgradeCheck = 1420;
				TargetAttributes = {
					FC85215E2A3E034B00033940 = {
						CreatedOnToolsVersion = 14.2;
					};
				};
			};
			buildConfigurationList = FC85215A2A3E034B00033940 /* Build configuration list for PBXProject "MovieAppExample" */;
			compatibilityVersion = "Xcode 14.0";
			developmentRegion = en;
			hasScannedForEncodings = 0;
			knownRegions = (
				en,
				Base,
			);
			mainGroup = FC8521562A3E034B00033940;
			packageReferences = (
				FC8521762A3E18FB00033940 /* XCRemoteSwiftPackageReference "Alamofire" */,
			);
			productRefGroup = FC8521602A3E034B00033940 /* Products */;
			projectDirPath = "";
			projectRoot = "";
			targets = (
				FC85215E2A3E034B00033940 /* MovieAppExample */,
			);
		};
/* End PBXProject section */

/* Begin PBXResourcesBuildPhase section */
		FC85215D2A3E034B00033940 /* Resources */ = {
			isa = PBXResourcesBuildPhase;
			buildActionMask = 2147483647;
			files = (
				FC85216F2A3E034C00033940 /* LaunchScreen.storyboard in Resources */,
				FC85216C2A3E034C00033940 /* Assets.xcassets in Resources */,
				FC3F2C732B18AC82003BF18F /* MovieListCell.xib in Resources */,
				FC85216A2A3E034B00033940 /* Main.storyboard in Resources */,
			);
			runOnlyForDeploymentPostprocessing = 0;
		};
/* End PBXResourcesBuildPhase section */

/* Begin PBXSourcesBuildPhase section */
		FC85215B2A3E034B00033940 /* Sources */ = {
			isa = PBXSourcesBuildPhase;
			buildActionMask = 2147483647;
			files = (
				FC3F2C682B18963A003BF18F /* Data+Extension.swift in Sources */,
				FC3F2C6A2B1896EA003BF18F /* URLRequest+Extension.swift in Sources */,
				FC8521FF2A41E26400033940 /* PopularMoviesEndpointItem.swift in Sources */,
				FC8521F72A41D29B00033940 /* VideosResponse.swift in Sources */,
				FC85217B2A3E195400033940 /* NetworkManager.swift in Sources */,
				FC8521F92A41DD6900033940 /* DiscoverMovieEndpointItem.swift in Sources */,
				FC8521802A3E1D9300033940 /* MovieResponse.swift in Sources */,
				FC3F2C6E2B18AC21003BF18F /* MovieListVC.swift in Sources */,
				FC8521FD2A41DD8300033940 /* VideosEndpointItem.swift in Sources */,
				FC3F2C722B18AC82003BF18F /* MovieListCell.swift in Sources */,
				FC8521632A3E034B00033940 /* AppDelegate.swift in Sources */,
				FC3F2C752B18B55E003BF18F /* UIImage+Extension.swift in Sources */,
				FC8521F32A418D1D00033940 /* ReviewsResponse.swift in Sources */,
				FC8521FB2A41DD7700033940 /* ReviewsEndpointItem.swift in Sources */,
				FC8521ED2A405D3700033940 /* Endpoint.swift in Sources */,
				FC8521652A3E034B00033940 /* SceneDelegate.swift in Sources */,
			);
			runOnlyForDeploymentPostprocessing = 0;
		};
/* End PBXSourcesBuildPhase section */

/* Begin PBXVariantGroup section */
		FC8521682A3E034B00033940 /* Main.storyboard */ = {
			isa = PBXVariantGroup;
			children = (
				FC8521692A3E034B00033940 /* Base */,
			);
			name = Main.storyboard;
			sourceTree = "<group>";
		};
		FC85216D2A3E034C00033940 /* LaunchScreen.storyboard */ = {
			isa = PBXVariantGroup;
			children = (
				FC85216E2A3E034C00033940 /* Base */,
			);
			name = LaunchScreen.storyboard;
			sourceTree = "<group>";
		};
/* End PBXVariantGroup section */

/* Begin XCBuildConfiguration section */
		FC8521712A3E034C00033940 /* Debug */ = {
			isa = XCBuildConfiguration;
			buildSettings = {
				ALWAYS_SEARCH_USER_PATHS = NO;
				CLANG_ANALYZER_NONNULL = YES;
				CLANG_ANALYZER_NUMBER_OBJECT_CONVERSION = YES_AGGRESSIVE;
				CLANG_CXX_LANGUAGE_STANDARD = "gnu++20";
				CLANG_ENABLE_MODULES = YES;
				CLANG_ENABLE_OBJC_ARC = YES;
				CLANG_ENABLE_OBJC_WEAK = YES;
				CLANG_WARN_BLOCK_CAPTURE_AUTORELEASING = YES;
				CLANG_WARN_BOOL_CONVERSION = YES;
				CLANG_WARN_COMMA = YES;
				CLANG_WARN_CONSTANT_CONVERSION = YES;
				CLANG_WARN_DEPRECATED_OBJC_IMPLEMENTATIONS = YES;
				CLANG_WARN_DIRECT_OBJC_ISA_USAGE = YES_ERROR;
				CLANG_WARN_DOCUMENTATION_COMMENTS = YES;
				CLANG_WARN_EMPTY_BODY = YES;
				CLANG_WARN_ENUM_CONVERSION = YES;
				CLANG_WARN_INFINITE_RECURSION = YES;
				CLANG_WARN_INT_CONVERSION = YES;
				CLANG_WARN_NON_LITERAL_NULL_CONVERSION = YES;
				CLANG_WARN_OBJC_IMPLICIT_RETAIN_SELF = YES;
				CLANG_WARN_OBJC_LITERAL_CONVERSION = YES;
				CLANG_WARN_OBJC_ROOT_CLASS = YES_ERROR;
				CLANG_WARN_QUOTED_INCLUDE_IN_FRAMEWORK_HEADER = YES;
				CLANG_WARN_RANGE_LOOP_ANALYSIS = YES;
				CLANG_WARN_STRICT_PROTOTYPES = YES;
				CLANG_WARN_SUSPICIOUS_MOVE = YES;
				CLANG_WARN_UNGUARDED_AVAILABILITY = YES_AGGRESSIVE;
				CLANG_WARN_UNREACHABLE_CODE = YES;
				CLANG_WARN__DUPLICATE_METHOD_MATCH = YES;
				COPY_PHASE_STRIP = NO;
				DEBUG_INFORMATION_FORMAT = dwarf;
				ENABLE_STRICT_OBJC_MSGSEND = YES;
				ENABLE_TESTABILITY = YES;
				GCC_C_LANGUAGE_STANDARD = gnu11;
				GCC_DYNAMIC_NO_PIC = NO;
				GCC_NO_COMMON_BLOCKS = YES;
				GCC_OPTIMIZATION_LEVEL = 0;
				GCC_PREPROCESSOR_DEFINITIONS = (
					"DEBUG=1",
					"$(inherited)",
				);
				GCC_WARN_64_TO_32_BIT_CONVERSION = YES;
				GCC_WARN_ABOUT_RETURN_TYPE = YES_ERROR;
				GCC_WARN_UNDECLARED_SELECTOR = YES;
				GCC_WARN_UNINITIALIZED_AUTOS = YES_AGGRESSIVE;
				GCC_WARN_UNUSED_FUNCTION = YES;
				GCC_WARN_UNUSED_VARIABLE = YES;
				IPHONEOS_DEPLOYMENT_TARGET = 16.2;
				MOVIE_DB_TOKEN = "eyJhbGciOiJIUzI1NiJ9.eyJhdWQiOiJmZjhkNWZlNTNhNGFkYzNjYWVlYjJjZGViZTVmNTJiNiIsInN1YiI6IjY0MGYxZjk4MmEwOWJjMDBjNTJlMzVmZSIsInNjb3BlcyI6WyJhcGlfcmVhZCJdLCJ2ZXJzaW9uIjoxfQ.4Otlfft31nh_nbPaSqx1sZbM6GLgu-74qXOTBcD3mV0";
				MTL_ENABLE_DEBUG_INFO = INCLUDE_SOURCE;
				MTL_FAST_MATH = YES;
				ONLY_ACTIVE_ARCH = YES;
				SDKROOT = iphoneos;
				SWIFT_ACTIVE_COMPILATION_CONDITIONS = DEBUG;
				SWIFT_OPTIMIZATION_LEVEL = "-Onone";
			};
			name = Debug;
		};
		FC8521722A3E034C00033940 /* Release */ = {
			isa = XCBuildConfiguration;
			buildSettings = {
				ALWAYS_SEARCH_USER_PATHS = NO;
				CLANG_ANALYZER_NONNULL = YES;
				CLANG_ANALYZER_NUMBER_OBJECT_CONVERSION = YES_AGGRESSIVE;
				CLANG_CXX_LANGUAGE_STANDARD = "gnu++20";
				CLANG_ENABLE_MODULES = YES;
				CLANG_ENABLE_OBJC_ARC = YES;
				CLANG_ENABLE_OBJC_WEAK = YES;
				CLANG_WARN_BLOCK_CAPTURE_AUTORELEASING = YES;
				CLANG_WARN_BOOL_CONVERSION = YES;
				CLANG_WARN_COMMA = YES;
				CLANG_WARN_CONSTANT_CONVERSION = YES;
				CLANG_WARN_DEPRECATED_OBJC_IMPLEMENTATIONS = YES;
				CLANG_WARN_DIRECT_OBJC_ISA_USAGE = YES_ERROR;
				CLANG_WARN_DOCUMENTATION_COMMENTS = YES;
				CLANG_WARN_EMPTY_BODY = YES;
				CLANG_WARN_ENUM_CONVERSION = YES;
				CLANG_WARN_INFINITE_RECURSION = YES;
				CLANG_WARN_INT_CONVERSION = YES;
				CLANG_WARN_NON_LITERAL_NULL_CONVERSION = YES;
				CLANG_WARN_OBJC_IMPLICIT_RETAIN_SELF = YES;
				CLANG_WARN_OBJC_LITERAL_CONVERSION = YES;
				CLANG_WARN_OBJC_ROOT_CLASS = YES_ERROR;
				CLANG_WARN_QUOTED_INCLUDE_IN_FRAMEWORK_HEADER = YES;
				CLANG_WARN_RANGE_LOOP_ANALYSIS = YES;
				CLANG_WARN_STRICT_PROTOTYPES = YES;
				CLANG_WARN_SUSPICIOUS_MOVE = YES;
				CLANG_WARN_UNGUARDED_AVAILABILITY = YES_AGGRESSIVE;
				CLANG_WARN_UNREACHABLE_CODE = YES;
				CLANG_WARN__DUPLICATE_METHOD_MATCH = YES;
				COPY_PHASE_STRIP = NO;
				DEBUG_INFORMATION_FORMAT = "dwarf-with-dsym";
				ENABLE_NS_ASSERTIONS = NO;
				ENABLE_STRICT_OBJC_MSGSEND = YES;
				GCC_C_LANGUAGE_STANDARD = gnu11;
				GCC_NO_COMMON_BLOCKS = YES;
				GCC_WARN_64_TO_32_BIT_CONVERSION = YES;
				GCC_WARN_ABOUT_RETURN_TYPE = YES_ERROR;
				GCC_WARN_UNDECLARED_SELECTOR = YES;
				GCC_WARN_UNINITIALIZED_AUTOS = YES_AGGRESSIVE;
				GCC_WARN_UNUSED_FUNCTION = YES;
				GCC_WARN_UNUSED_VARIABLE = YES;
				IPHONEOS_DEPLOYMENT_TARGET = 16.2;
				MOVIE_DB_TOKEN = "eyJhbGciOiJIUzI1NiJ9.eyJhdWQiOiJmZjhkNWZlNTNhNGFkYzNjYWVlYjJjZGViZTVmNTJiNiIsInN1YiI6IjY0MGYxZjk4MmEwOWJjMDBjNTJlMzVmZSIsInNjb3BlcyI6WyJhcGlfcmVhZCJdLCJ2ZXJzaW9uIjoxfQ.4Otlfft31nh_nbPaSqx1sZbM6GLgu-74qXOTBcD3mV0";
				MTL_ENABLE_DEBUG_INFO = NO;
				MTL_FAST_MATH = YES;
				SDKROOT = iphoneos;
				SWIFT_COMPILATION_MODE = wholemodule;
				SWIFT_OPTIMIZATION_LEVEL = "-O";
				VALIDATE_PRODUCT = YES;
			};
			name = Release;
		};
		FC8521742A3E034C00033940 /* Debug */ = {
			isa = XCBuildConfiguration;
			buildSettings = {
				ASSETCATALOG_COMPILER_APPICON_NAME = AppIcon;
				ASSETCATALOG_COMPILER_GLOBAL_ACCENT_COLOR_NAME = AccentColor;
				CODE_SIGN_STYLE = Automatic;
				CURRENT_PROJECT_VERSION = 1;
				DEVELOPMENT_TEAM = 95TP2MMC6C;
				GENERATE_INFOPLIST_FILE = YES;
				INFOPLIST_FILE = MovieAppExample/Info.plist;
				INFOPLIST_KEY_UIApplicationSupportsIndirectInputEvents = YES;
				INFOPLIST_KEY_UILaunchStoryboardName = LaunchScreen;
				INFOPLIST_KEY_UIMainStoryboardFile = Main;
				INFOPLIST_KEY_UISupportedInterfaceOrientations_iPad = "UIInterfaceOrientationPortrait UIInterfaceOrientationPortraitUpsideDown UIInterfaceOrientationLandscapeLeft UIInterfaceOrientationLandscapeRight";
				INFOPLIST_KEY_UISupportedInterfaceOrientations_iPhone = "UIInterfaceOrientationPortrait UIInterfaceOrientationLandscapeLeft UIInterfaceOrientationLandscapeRight";
				LD_RUNPATH_SEARCH_PATHS = (
					"$(inherited)",
					"@executable_path/Frameworks",
				);
				MARKETING_VERSION = 1.0;
				PRODUCT_BUNDLE_IDENTIFIER = com.ensarozturk.MovieAppExample;
				PRODUCT_NAME = "$(TARGET_NAME)";
				SWIFT_EMIT_LOC_STRINGS = YES;
				SWIFT_VERSION = 5.0;
				TARGETED_DEVICE_FAMILY = "1,2";
			};
			name = Debug;
		};
		FC8521752A3E034C00033940 /* Release */ = {
			isa = XCBuildConfiguration;
			buildSettings = {
				ASSETCATALOG_COMPILER_APPICON_NAME = AppIcon;
				ASSETCATALOG_COMPILER_GLOBAL_ACCENT_COLOR_NAME = AccentColor;
				CODE_SIGN_STYLE = Automatic;
				CURRENT_PROJECT_VERSION = 1;
				DEVELOPMENT_TEAM = 95TP2MMC6C;
				GENERATE_INFOPLIST_FILE = YES;
				INFOPLIST_FILE = MovieAppExample/Info.plist;
				INFOPLIST_KEY_UIApplicationSupportsIndirectInputEvents = YES;
				INFOPLIST_KEY_UILaunchStoryboardName = LaunchScreen;
				INFOPLIST_KEY_UIMainStoryboardFile = Main;
				INFOPLIST_KEY_UISupportedInterfaceOrientations_iPad = "UIInterfaceOrientationPortrait UIInterfaceOrientationPortraitUpsideDown UIInterfaceOrientationLandscapeLeft UIInterfaceOrientationLandscapeRight";
				INFOPLIST_KEY_UISupportedInterfaceOrientations_iPhone = "UIInterfaceOrientationPortrait UIInterfaceOrientationLandscapeLeft UIInterfaceOrientationLandscapeRight";
				LD_RUNPATH_SEARCH_PATHS = (
					"$(inherited)",
					"@executable_path/Frameworks",
				);
				MARKETING_VERSION = 1.0;
				PRODUCT_BUNDLE_IDENTIFIER = com.ensarozturk.MovieAppExample;
				PRODUCT_NAME = "$(TARGET_NAME)";
				SWIFT_EMIT_LOC_STRINGS = YES;
				SWIFT_VERSION = 5.0;
				TARGETED_DEVICE_FAMILY = "1,2";
			};
			name = Release;
		};
/* End XCBuildConfiguration section */

/* Begin XCConfigurationList section */
		FC85215A2A3E034B00033940 /* Build configuration list for PBXProject "MovieAppExample" */ = {
			isa = XCConfigurationList;
			buildConfigurations = (
				FC8521712A3E034C00033940 /* Debug */,
				FC8521722A3E034C00033940 /* Release */,
			);
			defaultConfigurationIsVisible = 0;
			defaultConfigurationName = Release;
		};
		FC8521732A3E034C00033940 /* Build configuration list for PBXNativeTarget "MovieAppExample" */ = {
			isa = XCConfigurationList;
			buildConfigurations = (
				FC8521742A3E034C00033940 /* Debug */,
				FC8521752A3E034C00033940 /* Release */,
			);
			defaultConfigurationIsVisible = 0;
			defaultConfigurationName = Release;
		};
/* End XCConfigurationList section */

/* Begin XCRemoteSwiftPackageReference section */
		FC8521762A3E18FB00033940 /* XCRemoteSwiftPackageReference "Alamofire" */ = {
			isa = XCRemoteSwiftPackageReference;
			repositoryURL = "https://github.com/Alamofire/Alamofire.git";
			requirement = {
				kind = upToNextMajorVersion;
				minimumVersion = 5.0.0;
			};
		};
/* End XCRemoteSwiftPackageReference section */

/* Begin XCSwiftPackageProductDependency section */
		FC8521772A3E18FB00033940 /* Alamofire */ = {
			isa = XCSwiftPackageProductDependency;
			package = FC8521762A3E18FB00033940 /* XCRemoteSwiftPackageReference "Alamofire" */;
			productName = Alamofire;
		};
/* End XCSwiftPackageProductDependency section */
	};
	rootObject = FC8521572A3E034B00033940 /* Project object */;
}
